
Microsoft Visual Studio Solution File, Format Version 12.00
# Visual Studio Version 17
VisualStudioVersion = 17.5.33502.453
MinimumVisualStudioVersion = 10.0.40219.1
Project("{FAE04EC0-301F-11D3-BF4B-00C04F79EFBC}") = "SalutemES.Engineer.Domain", "SalutemES.Engineer.Domain\SalutemES.Engineer.Domain.csproj", "{1886E7E9-88FA-4648-BD3D-868B3DDBA22D}"
EndProject
Project("{FAE04EC0-301F-11D3-BF4B-00C04F79EFBC}") = "SalutemES.Engineer.Avalonia", "SalutemES.Engineer.Avalonia\SalutemES.Engineer.Avalonia.csproj", "{D5326920-0F27-427D-9E91-71CC175CBE3D}"
EndProject
Global
	GlobalSection(SolutionConfigurationPlatforms) = preSolution
		Debug|Any CPU = Debug|Any CPU
		Release|Any CPU = Release|Any CPU
	EndGlobalSection
	GlobalSection(ProjectConfigurationPlatforms) = postSolution
		{1886E7E9-88FA-4648-BD3D-868B3DDBA22D}.Debug|Any CPU.ActiveCfg = Debug|Any CPU
		{1886E7E9-88FA-4648-BD3D-868B3DDBA22D}.Debug|Any CPU.Build.0 = Debug|Any CPU
		{1886E7E9-88FA-4648-BD3D-868B3DDBA22D}.Release|Any CPU.ActiveCfg = Release|Any CPU
		{1886E7E9-88FA-4648-BD3D-868B3DDBA22D}.Release|Any CPU.Build.0 = Release|Any CPU
		{D5326920-0F27-427D-9E91-71CC175CBE3D}.Debug|Any CPU.ActiveCfg = Debug|Any CPU
		{D5326920-0F27-427D-9E91-71CC175CBE3D}.Debug|Any CPU.Build.0 = Debug|Any CPU
		{D5326920-0F27-427D-9E91-71CC175CBE3D}.Release|Any CPU.ActiveCfg = Release|Any CPU
		{D5326920-0F27-427D-9E91-71CC175CBE3D}.Release|Any CPU.Build.0 = Release|Any CPU
	EndGlobalSection
	GlobalSection(SolutionProperties) = preSolution
		HideSolutionNode = FALSE
	EndGlobalSection
	GlobalSection(ExtensibilityGlobals) = postSolution
		SolutionGuid = {4BC4CBCF-42BF-4D1D-A214-299F0C4A13FB}
	EndGlobalSection
EndGlobal
